
Microsoft Visual Studio Solution File, Format Version 12.00
# Visual Studio Version 17
VisualStudioVersion = 17.4.33110.190
MinimumVisualStudioVersion = 10.0.40219.1
Project("{FAE04EC0-301F-11D3-BF4B-00C04F79EFBC}") = "SquadManager", "SquadManager.csproj", "{3FB08DE3-247E-4CEE-ABA1-04FACE6151FD}"
EndProject
Global
	GlobalSection(SolutionConfigurationPlatforms) = preSolution
		Debug|Any CPU = Debug|Any CPU
		Release|Any CPU = Release|Any CPU
	EndGlobalSection
	GlobalSection(ProjectConfigurationPlatforms) = postSolution
		{3FB08DE3-247E-4CEE-ABA1-04FACE6151FD}.Debug|Any CPU.ActiveCfg = Debug|Any CPU
		{3FB08DE3-247E-4CEE-ABA1-04FACE6151FD}.Debug|Any CPU.Build.0 = Debug|Any CPU
		{3FB08DE3-247E-4CEE-ABA1-04FACE6151FD}.Release|Any CPU.ActiveCfg = Release|Any CPU
		{3FB08DE3-247E-4CEE-ABA1-04FACE6151FD}.Release|Any CPU.Build.0 = Release|Any CPU
	EndGlobalSection
	GlobalSection(SolutionProperties) = preSolution
		HideSolutionNode = FALSE
	EndGlobalSection
	GlobalSection(ExtensibilityGlobals) = postSolution
		SolutionGuid = {AF9A7923-97FE-4172-B007-E231A58290D6}
	EndGlobalSection
EndGlobal
